
Microsoft Visual Studio Solution File, Format Version 12.00
# Visual Studio Version 16
VisualStudioVersion = 16.0.30804.86
MinimumVisualStudioVersion = 10.0.40219.1
Project("{FAE04EC0-301F-11D3-BF4B-00C04F79EFBC}") = "Contoso.Customers", "Contoso.Customer\Contoso.Customers.csproj", "{2DD40F6F-0889-484F-A380-219A71CCF034}"
EndProject
Global
	GlobalSection(SolutionConfigurationPlatforms) = preSolution
		Debug|Any CPU = Debug|Any CPU
		Release|Any CPU = Release|Any CPU
	EndGlobalSection
	GlobalSection(ProjectConfigurationPlatforms) = postSolution
		{2DD40F6F-0889-484F-A380-219A71CCF034}.Debug|Any CPU.ActiveCfg = Debug|Any CPU
		{2DD40F6F-0889-484F-A380-219A71CCF034}.Debug|Any CPU.Build.0 = Debug|Any CPU
		{2DD40F6F-0889-484F-A380-219A71CCF034}.Release|Any CPU.ActiveCfg = Release|Any CPU
		{2DD40F6F-0889-484F-A380-219A71CCF034}.Release|Any CPU.Build.0 = Release|Any CPU
	EndGlobalSection
	GlobalSection(SolutionProperties) = preSolution
		HideSolutionNode = FALSE
	EndGlobalSection
	GlobalSection(ExtensibilityGlobals) = postSolution
		SolutionGuid = {7DF34409-9D75-400D-8DC1-06BEA494600B}
	EndGlobalSection
EndGlobal
